Microsoft Visual Studio Solution File, Format Version 12.00
# Visual Studio Version 17
VisualStudioVersion = 17.5.2.0
MinimumVisualStudioVersion = 10.0.40219.1
Project("{FAE04EC0-301F-11D3-BF4B-00C04F79EFBC}") = "op_homework_linked_list", "op_homework_linked_list.csproj", "{3D16BBC7-1C21-0694-B7BC-615EF093B708}"
EndProject
Global
	GlobalSection(SolutionConfigurationPlatforms) = preSolution
		Debug|Any CPU = Debug|Any CPU
		Release|Any CPU = Release|Any CPU
	EndGlobalSection
	GlobalSection(ProjectConfigurationPlatforms) = postSolution
		{3D16BBC7-1C21-0694-B7BC-615EF093B708}.Debug|Any CPU.ActiveCfg = Debug|Any CPU
		{3D16BBC7-1C21-0694-B7BC-615EF093B708}.Debug|Any CPU.Build.0 = Debug|Any CPU
		{3D16BBC7-1C21-0694-B7BC-615EF093B708}.Release|Any CPU.ActiveCfg = Release|Any CPU
		{3D16BBC7-1C21-0694-B7BC-615EF093B708}.Release|Any CPU.Build.0 = Release|Any CPU
	EndGlobalSection
	GlobalSection(SolutionProperties) = preSolution
		HideSolutionNode = FALSE
	EndGlobalSection
	GlobalSection(ExtensibilityGlobals) = postSolution
		SolutionGuid = {A7BF70CF-8463-4E49-AD86-9827F6894280}
	EndGlobalSection
EndGlobal
